{
  "name": "app",
  "lockfileVersion": 2,
  "requires": true,
  "packages": {
    "": {
      "dependencies": {
        "localstorage-polyfill": "^1.0.1"
      }
    },
    "node_modules/localstorage-polyfill": {
      "version": "1.0.1",
      "resolved": "https://registry.npmjs.org/localstorage-polyfill/-/localstorage-polyfill-1.0.1.tgz",
      "integrity": "sha1-SzCD1LxR0jtBWFN+ZoFhN0E/0xo=",
      "engines": {
        "node": ">=6"
      }
    }
  },
  "dependencies": {
    "localstorage-polyfill": {
      "version": "1.0.1",
      "resolved": "https://registry.npmjs.org/localstorage-polyfill/-/localstorage-polyfill-1.0.1.tgz",
      "integrity": "sha1-SzCD1LxR0jtBWFN+ZoFhN0E/0xo="
    }
  }
}
